
Microsoft Visual Studio Solution File, Format Version 12.00
# Visual Studio 2013
VisualStudioVersion = 12.0.30723.0
MinimumVisualStudioVersion = 10.0.40219.1
Project("{F2A71F9B-5D33-465A-A702-920D77279786}") = "GameOfLife", "GameOfLife\GameOfLife.fsproj", "{C94A74FB-6C1B-4373-BAA5-E94AB9AD5830}"
EndProject
Project("{F2A71F9B-5D33-465A-A702-920D77279786}") = "GameOfLife.Tests", "GameOfLife.Tests\GameOfLife.Tests.fsproj", "{859E078B-E5D9-483E-97AB-5DA05803A66B}"
EndProject
Project("{2150E333-8FDC-42A3-9474-1A3956D46DE8}") = ".nuget", ".nuget", "{EE47AAEA-665D-491D-831F-EE2DA0465681}"
	ProjectSection(SolutionItems) = preProject
		.nuget\packages.config = .nuget\packages.config
	EndProjectSection
EndProject
Project("{F2A71F9B-5D33-465A-A702-920D77279786}") = "Gol.Console", "Gol.Console\Gol.Console.fsproj", "{B263EE52-8BA3-4475-BC6D-B50CBA0F7D2B}"
EndProject
Global
	GlobalSection(SolutionConfigurationPlatforms) = preSolution
		Debug|Any CPU = Debug|Any CPU
		Release|Any CPU = Release|Any CPU
	EndGlobalSection
	GlobalSection(ProjectConfigurationPlatforms) = postSolution
		{C94A74FB-6C1B-4373-BAA5-E94AB9AD5830}.Debug|Any CPU.ActiveCfg = Debug|Any CPU
		{C94A74FB-6C1B-4373-BAA5-E94AB9AD5830}.Debug|Any CPU.Build.0 = Debug|Any CPU
		{C94A74FB-6C1B-4373-BAA5-E94AB9AD5830}.Release|Any CPU.ActiveCfg = Release|Any CPU
		{C94A74FB-6C1B-4373-BAA5-E94AB9AD5830}.Release|Any CPU.Build.0 = Release|Any CPU
		{859E078B-E5D9-483E-97AB-5DA05803A66B}.Debug|Any CPU.ActiveCfg = Debug|Any CPU
		{859E078B-E5D9-483E-97AB-5DA05803A66B}.Debug|Any CPU.Build.0 = Debug|Any CPU
		{859E078B-E5D9-483E-97AB-5DA05803A66B}.Release|Any CPU.ActiveCfg = Release|Any CPU
		{859E078B-E5D9-483E-97AB-5DA05803A66B}.Release|Any CPU.Build.0 = Release|Any CPU
		{B263EE52-8BA3-4475-BC6D-B50CBA0F7D2B}.Debug|Any CPU.ActiveCfg = Debug|Any CPU
		{B263EE52-8BA3-4475-BC6D-B50CBA0F7D2B}.Debug|Any CPU.Build.0 = Debug|Any CPU
		{B263EE52-8BA3-4475-BC6D-B50CBA0F7D2B}.Release|Any CPU.ActiveCfg = Release|Any CPU
		{B263EE52-8BA3-4475-BC6D-B50CBA0F7D2B}.Release|Any CPU.Build.0 = Release|Any CPU
	EndGlobalSection
	GlobalSection(SolutionProperties) = preSolution
		HideSolutionNode = FALSE
	EndGlobalSection
EndGlobal
